{
    "name": "dminfo",
    "version": "1.6.0",
    "lockfileVersion": 2,
    "requires": true,
    "packages": {
        "": {
            "name": "dminfo",
            "version": "1.6.0",
            "license": "ISC",
            "dependencies": {
                "frappe-gantt": "^0.5.0",
                "htm": "~2.2.1",
                "preact": "~10.2.1"
            }
        },
        "node_modules/frappe-gantt": {
            "version": "0.5.0",
            "resolved": "https://registry.npmjs.org/frappe-gantt/-/frappe-gantt-0.5.0.tgz",
            "integrity": "sha512-RAskVuBmnTcPJXh87oVhYmnNGy/9lvZlLHGui8QFB8yRBuUjzpZoZfZ+hKmDtBDmWNrE2/LRta06W5WmhTzzWQ==",
            "license": "MIT"
        },
        "node_modules/htm": {
            "version": "2.2.1",
            "resolved": "https://registry.npmjs.org/htm/-/htm-2.2.1.tgz",
            "integrity": "sha512-nPWqBlSbdSHaT2d/cpFRpZLqH5BcdaRcXaicyAtXbkIsIiXLnstPPg0fEX3I8SrlY16FSzb1FLK44uk25xhMvw=="
        },
        "node_modules/preact": {
            "version": "10.2.1",
            "resolved": "https://registry.npmjs.org/preact/-/preact-10.2.1.tgz",
            "integrity": "sha512-BUNvmQcVtNElku7mYHexIiM5JlGNSW2BY9O2t9xk1NqA43O8wbE0cah6PAlvT7PBHvyDRJ5TAj5Fewdi9DqLoQ=="
        }
    },
    "dependencies": {
        "frappe-gantt": {
            "version": "0.5.0",
            "resolved": "https://registry.npmjs.org/frappe-gantt/-/frappe-gantt-0.5.0.tgz",
            "integrity": "sha512-RAskVuBmnTcPJXh87oVhYmnNGy/9lvZlLHGui8QFB8yRBuUjzpZoZfZ+hKmDtBDmWNrE2/LRta06W5WmhTzzWQ=="
        },
        "htm": {
            "version": "2.2.1",
            "resolved": "https://registry.npmjs.org/htm/-/htm-2.2.1.tgz",
            "integrity": "sha512-nPWqBlSbdSHaT2d/cpFRpZLqH5BcdaRcXaicyAtXbkIsIiXLnstPPg0fEX3I8SrlY16FSzb1FLK44uk25xhMvw=="
        },
        "preact": {
            "version": "10.2.1",
            "resolved": "https://registry.npmjs.org/preact/-/preact-10.2.1.tgz",
            "integrity": "sha512-BUNvmQcVtNElku7mYHexIiM5JlGNSW2BY9O2t9xk1NqA43O8wbE0cah6PAlvT7PBHvyDRJ5TAj5Fewdi9DqLoQ=="
        }
    }
}
